
Microsoft Visual Studio Solution File, Format Version 12.00
# Visual Studio 15
Project("{FAE04EC0-301F-11D3-BF4B-00C04F79EFBC}") = "Assembly-CSharp-firstpass", "Assembly-CSharp-firstpass.csproj", "{362777E8-6B45-E159-A616-F78E28255ED0}"
EndProject
Project("{FAE04EC0-301F-11D3-BF4B-00C04F79EFBC}") = "Assembly-CSharp", "Assembly-CSharp.csproj", "{EB6C1D87-A261-4CDD-B388-5EB7BB0C8BFB}"
EndProject
Project("{FAE04EC0-301F-11D3-BF4B-00C04F79EFBC}") = "Assembly-CSharp-Editor-firstpass", "Assembly-CSharp-Editor-firstpass.csproj", "{13C188FE-605C-C349-A62D-D3838614CEF1}"
EndProject
Global
	GlobalSection(SolutionConfigurationPlatforms) = preSolution
		Debug|Any CPU = Debug|Any CPU
		Release|Any CPU = Release|Any CPU
	EndGlobalSection
	GlobalSection(ProjectConfigurationPlatforms) = postSolution
		{362777E8-6B45-E159-A616-F78E28255ED0}.Debug|Any CPU.ActiveCfg = Debug|Any CPU
		{362777E8-6B45-E159-A616-F78E28255ED0}.Debug|Any CPU.Build.0 = Debug|Any CPU
		{362777E8-6B45-E159-A616-F78E28255ED0}.Release|Any CPU.ActiveCfg = Release|Any CPU
		{362777E8-6B45-E159-A616-F78E28255ED0}.Release|Any CPU.Build.0 = Release|Any CPU
		{EB6C1D87-A261-4CDD-B388-5EB7BB0C8BFB}.Debug|Any CPU.ActiveCfg = Debug|Any CPU
		{EB6C1D87-A261-4CDD-B388-5EB7BB0C8BFB}.Debug|Any CPU.Build.0 = Debug|Any CPU
		{EB6C1D87-A261-4CDD-B388-5EB7BB0C8BFB}.Release|Any CPU.ActiveCfg = Release|Any CPU
		{EB6C1D87-A261-4CDD-B388-5EB7BB0C8BFB}.Release|Any CPU.Build.0 = Release|Any CPU
		{13C188FE-605C-C349-A62D-D3838614CEF1}.Debug|Any CPU.ActiveCfg = Debug|Any CPU
		{13C188FE-605C-C349-A62D-D3838614CEF1}.Debug|Any CPU.Build.0 = Debug|Any CPU
		{13C188FE-605C-C349-A62D-D3838614CEF1}.Release|Any CPU.ActiveCfg = Release|Any CPU
		{13C188FE-605C-C349-A62D-D3838614CEF1}.Release|Any CPU.Build.0 = Release|Any CPU
	EndGlobalSection
	GlobalSection(SolutionProperties) = preSolution
		HideSolutionNode = FALSE
	EndGlobalSection
EndGlobal
