
Microsoft Visual Studio Solution File, Format Version 12.00
# Visual Studio 15
Project("{FAE04EC0-301F-11D3-BF4B-00C04F79EFBC}") = "Assembly-CSharp-firstpass", "Assembly-CSharp-firstpass.csproj", "{4978F7DE-08D8-BFEF-C4B7-29ADE6971D12}"
EndProject
Project("{FAE04EC0-301F-11D3-BF4B-00C04F79EFBC}") = "Assembly-CSharp", "Assembly-CSharp.csproj", "{02CA577F-A5E9-9820-4CBF-FA49B9E399E1}"
EndProject
Project("{FAE04EC0-301F-11D3-BF4B-00C04F79EFBC}") = "Assembly-CSharp-Editor-firstpass", "Assembly-CSharp-Editor-firstpass.csproj", "{1618DD70-AD01-7CAE-4365-2AC11C3E3185}"
EndProject
Global
	GlobalSection(SolutionConfigurationPlatforms) = preSolution
		Debug|Any CPU = Debug|Any CPU
		Release|Any CPU = Release|Any CPU
	EndGlobalSection
	GlobalSection(ProjectConfigurationPlatforms) = postSolution
		{4978F7DE-08D8-BFEF-C4B7-29ADE6971D12}.Debug|Any CPU.ActiveCfg = Debug|Any CPU
		{4978F7DE-08D8-BFEF-C4B7-29ADE6971D12}.Debug|Any CPU.Build.0 = Debug|Any CPU
		{4978F7DE-08D8-BFEF-C4B7-29ADE6971D12}.Release|Any CPU.ActiveCfg = Release|Any CPU
		{4978F7DE-08D8-BFEF-C4B7-29ADE6971D12}.Release|Any CPU.Build.0 = Release|Any CPU
		{02CA577F-A5E9-9820-4CBF-FA49B9E399E1}.Debug|Any CPU.ActiveCfg = Debug|Any CPU
		{02CA577F-A5E9-9820-4CBF-FA49B9E399E1}.Debug|Any CPU.Build.0 = Debug|Any CPU
		{02CA577F-A5E9-9820-4CBF-FA49B9E399E1}.Release|Any CPU.ActiveCfg = Release|Any CPU
		{02CA577F-A5E9-9820-4CBF-FA49B9E399E1}.Release|Any CPU.Build.0 = Release|Any CPU
		{1618DD70-AD01-7CAE-4365-2AC11C3E3185}.Debug|Any CPU.ActiveCfg = Debug|Any CPU
		{1618DD70-AD01-7CAE-4365-2AC11C3E3185}.Debug|Any CPU.Build.0 = Debug|Any CPU
		{1618DD70-AD01-7CAE-4365-2AC11C3E3185}.Release|Any CPU.ActiveCfg = Release|Any CPU
		{1618DD70-AD01-7CAE-4365-2AC11C3E3185}.Release|Any CPU.Build.0 = Release|Any CPU
	EndGlobalSection
	GlobalSection(SolutionProperties) = preSolution
		HideSolutionNode = FALSE
	EndGlobalSection
EndGlobal
